// !$*UTF8*$!
{
	archiveVersion = 1;
	classes = {
	};
	objectVersion = 51;
	objects = {

/* Begin PBXBuildFile section */
		16058D90E9303159972FE9B9 /* Pods_FlixApp.framework in Frameworks */ = {isa = PBXBuildFile; fileRef = F39A1C81A6D0196595FEE322 /* Pods_FlixApp.framework */; };
		5AA158C525C75E8F00EAFA7E /* AppDelegate.swift in Sources */ = {isa = PBXBuildFile; fileRef = 5AA158C425C75E8F00EAFA7E /* AppDelegate.swift */; };
		5AA158C725C75E8F00EAFA7E /* SceneDelegate.swift in Sources */ = {isa = PBXBuildFile; fileRef = 5AA158C625C75E8F00EAFA7E /* SceneDelegate.swift */; };
		5AA158CC25C75E8F00EAFA7E /* Main.storyboard in Resources */ = {isa = PBXBuildFile; fileRef = 5AA158CA25C75E8F00EAFA7E /* Main.storyboard */; };
		5AA158CE25C75E9000EAFA7E /* Assets.xcassets in Resources */ = {isa = PBXBuildFile; fileRef = 5AA158CD25C75E9000EAFA7E /* Assets.xcassets */; };
		5AA158D125C75E9000EAFA7E /* LaunchScreen.storyboard in Resources */ = {isa = PBXBuildFile; fileRef = 5AA158CF25C75E9000EAFA7E /* LaunchScreen.storyboard */; };
		5AA158DC25C75E9000EAFA7E /* FlixAppTests.swift in Sources */ = {isa = PBXBuildFile; fileRef = 5AA158DB25C75E9000EAFA7E /* FlixAppTests.swift */; };
		5AA158E725C75E9000EAFA7E /* FlixAppUITests.swift in Sources */ = {isa = PBXBuildFile; fileRef = 5AA158E625C75E9000EAFA7E /* FlixAppUITests.swift */; };
		5AA158FE25C7878300EAFA7E /* MoviesViewController.swift in Sources */ = {isa = PBXBuildFile; fileRef = 5AA158FD25C7878300EAFA7E /* MoviesViewController.swift */; };
		5AA1590325C79A9800EAFA7E /* MovieCell.swift in Sources */ = {isa = PBXBuildFile; fileRef = 5AA1590225C79A9800EAFA7E /* MovieCell.swift */; };
		5AA4728C25D0C54200B8DCF6 /* MovieGridViewController.swift in Sources */ = {isa = PBXBuildFile; fileRef = 5AA4728B25D0C54200B8DCF6 /* MovieGridViewController.swift */; };
		5AA4729125D0CAED00B8DCF6 /* MovieGridCell.swift in Sources */ = {isa = PBXBuildFile; fileRef = 5AA4729025D0CAED00B8DCF6 /* MovieGridCell.swift */; };
		5AD04BCE25D0A25C00AD588E /* MovieDetailsViewController.swift in Sources */ = {isa = PBXBuildFile; fileRef = 5AD04BCD25D0A25C00AD588E /* MovieDetailsViewController.swift */; };
		DF4F60064CC3B18EE4883AFD /* Pods_FlixAppTests.framework in Frameworks */ = {isa = PBXBuildFile; fileRef = 1B8AECDCA0A703AD563DD92C /* Pods_FlixAppTests.framework */; };
		EECAB29FF99C888A3D44ABB5 /* Pods_FlixApp_FlixAppUITests.framework in Frameworks */ = {isa = PBXBuildFile; fileRef = 735A78DE3F28A3DCE9671EDE /* Pods_FlixApp_FlixAppUITests.framework */; };
/* End PBXBuildFile section */

/* Begin PBXContainerItemProxy section */
		5AA158D825C75E9000EAFA7E /* PBXContainerItemProxy */ = {
			isa = PBXContainerItemProxy;
			containerPortal = 5AA158B925C75E8E00EAFA7E /* Project object */;
			proxyType = 1;
			remoteGlobalIDString = 5AA158C025C75E8F00EAFA7E;
			remoteInfo = FlixApp;
		};
		5AA158E325C75E9000EAFA7E /* PBXContainerItemProxy */ = {
			isa = PBXContainerItemProxy;
			containerPortal = 5AA158B925C75E8E00EAFA7E /* Project object */;
			proxyType = 1;
			remoteGlobalIDString = 5AA158C025C75E8F00EAFA7E;
			remoteInfo = FlixApp;
		};
/* End PBXContainerItemProxy section */

/* Begin PBXFileReference section */
		01C11EE63A4698F8DEE7A168 /* Pods-FlixApp-FlixAppUITests.debug.xcconfig */ = {isa = PBXFileReference; includeInIndex = 1; lastKnownFileType = text.xcconfig; name = "Pods-FlixApp-FlixAppUITests.debug.xcconfig"; path = "Target Support Files/Pods-FlixApp-FlixAppUITests/Pods-FlixApp-FlixAppUITests.debug.xcconfig"; sourceTree = "<group>"; };
		1B8AECDCA0A703AD563DD92C /* Pods_FlixAppTests.framework */ = {isa = PBXFileReference; explicitFileType = wrapper.framework; includeInIndex = 0; path = Pods_FlixAppTests.framework; sourceTree = BUILT_PRODUCTS_DIR; };
		3931FF2746D0BCDEF662D64C /* Pods-FlixAppTests.release.xcconfig */ = {isa = PBXFileReference; includeInIndex = 1; lastKnownFileType = text.xcconfig; name = "Pods-FlixAppTests.release.xcconfig"; path = "Target Support Files/Pods-FlixAppTests/Pods-FlixAppTests.release.xcconfig"; sourceTree = "<group>"; };
		3B53636C6458AB41CDA0EA1C /* Pods-FlixAppTests.debug.xcconfig */ = {isa = PBXFileReference; includeInIndex = 1; lastKnownFileType = text.xcconfig; name = "Pods-FlixAppTests.debug.xcconfig"; path = "Target Support Files/Pods-FlixAppTests/Pods-FlixAppTests.debug.xcconfig"; sourceTree = "<group>"; };
		5AA158C125C75E8F00EAFA7E /* FlixApp.app */ = {isa = PBXFileReference; explicitFileType = wrapper.application; includeInIndex = 0; path = FlixApp.app; sourceTree = BUILT_PRODUCTS_DIR; };
		5AA158C425C75E8F00EAFA7E /* AppDelegate.swift */ = {isa = PBXFileReference; lastKnownFileType = sourcecode.swift; path = AppDelegate.swift; sourceTree = "<group>"; };
		5AA158C625C75E8F00EAFA7E /* SceneDelegate.swift */ = {isa = PBXFileReference; lastKnownFileType = sourcecode.swift; path = SceneDelegate.swift; sourceTree = "<group>"; };
		5AA158CB25C75E8F00EAFA7E /* Base */ = {isa = PBXFileReference; lastKnownFileType = file.storyboard; name = Base; path = Base.lproj/Main.storyboard; sourceTree = "<group>"; };
		5AA158CD25C75E9000EAFA7E /* Assets.xcassets */ = {isa = PBXFileReference; lastKnownFileType = folder.assetcatalog; path = Assets.xcassets; sourceTree = "<group>"; };
		5AA158D025C75E9000EAFA7E /* Base */ = {isa = PBXFileReference; lastKnownFileType = file.storyboard; name = Base; path = Base.lproj/LaunchScreen.storyboard; sourceTree = "<group>"; };
		5AA158D225C75E9000EAFA7E /* Info.plist */ = {isa = PBXFileReference; lastKnownFileType = text.plist.xml; path = Info.plist; sourceTree = "<group>"; };
		5AA158D725C75E9000EAFA7E /* FlixAppTests.xctest */ = {isa = PBXFileReference; explicitFileType = wrapper.cfbundle; includeInIndex = 0; path = FlixAppTests.xctest; sourceTree = BUILT_PRODUCTS_DIR; };
		5AA158DB25C75E9000EAFA7E /* FlixAppTests.swift */ = {isa = PBXFileReference; lastKnownFileType = sourcecode.swift; path = FlixAppTests.swift; sourceTree = "<group>"; };
		5AA158DD25C75E9000EAFA7E /* Info.plist */ = {isa = PBXFileReference; lastKnownFileType = text.plist.xml; path = Info.plist; sourceTree = "<group>"; };
		5AA158E225C75E9000EAFA7E /* FlixAppUITests.xctest */ = {isa = PBXFileReference; explicitFileType = wrapper.cfbundle; includeInIndex = 0; path = FlixAppUITests.xctest; sourceTree = BUILT_PRODUCTS_DIR; };
		5AA158E625C75E9000EAFA7E /* FlixAppUITests.swift */ = {isa = PBXFileReference; lastKnownFileType = sourcecode.swift; path = FlixAppUITests.swift; sourceTree = "<group>"; };
		5AA158E825C75E9000EAFA7E /* Info.plist */ = {isa = PBXFileReference; lastKnownFileType = text.plist.xml; path = Info.plist; sourceTree = "<group>"; };
		5AA158FD25C7878300EAFA7E /* MoviesViewController.swift */ = {isa = PBXFileReference; lastKnownFileType = sourcecode.swift; path = MoviesViewController.swift; sourceTree = "<group>"; };
		5AA1590225C79A9800EAFA7E /* MovieCell.swift */ = {isa = PBXFileReference; lastKnownFileType = sourcecode.swift; path = MovieCell.swift; sourceTree = "<group>"; };
		5AA4728B25D0C54200B8DCF6 /* MovieGridViewController.swift */ = {isa = PBXFileReference; lastKnownFileType = sourcecode.swift; path = MovieGridViewController.swift; sourceTree = "<group>"; };
		5AA4729025D0CAED00B8DCF6 /* MovieGridCell.swift */ = {isa = PBXFileReference; lastKnownFileType = sourcecode.swift; path = MovieGridCell.swift; sourceTree = "<group>"; };
		5AD04BCD25D0A25C00AD588E /* MovieDetailsViewController.swift */ = {isa = PBXFileReference; lastKnownFileType = sourcecode.swift; path = MovieDetailsViewController.swift; sourceTree = "<group>"; };
		735A78DE3F28A3DCE9671EDE /* Pods_FlixApp_FlixAppUITests.framework */ = {isa = PBXFileReference; explicitFileType = wrapper.framework; includeInIndex = 0; path = Pods_FlixApp_FlixAppUITests.framework; sourceTree = BUILT_PRODUCTS_DIR; };
		C405719F740158BD74401CCB /* Pods-FlixApp-FlixAppUITests.release.xcconfig */ = {isa = PBXFileReference; includeInIndex = 1; lastKnownFileType = text.xcconfig; name = "Pods-FlixApp-FlixAppUITests.release.xcconfig"; path = "Target Support Files/Pods-FlixApp-FlixAppUITests/Pods-FlixApp-FlixAppUITests.release.xcconfig"; sourceTree = "<group>"; };
		CD42DE1589B4EED2389045F3 /* Pods-FlixApp.release.xcconfig */ = {isa = PBXFileReference; includeInIndex = 1; lastKnownFileType = text.xcconfig; name = "Pods-FlixApp.release.xcconfig"; path = "Target Support Files/Pods-FlixApp/Pods-FlixApp.release.xcconfig"; sourceTree = "<group>"; };
		F39A1C81A6D0196595FEE322 /* Pods_FlixApp.framework */ = {isa = PBXFileReference; explicitFileType = wrapper.framework; includeInIndex = 0; path = Pods_FlixApp.framework; sourceTree = BUILT_PRODUCTS_DIR; };
		FC37B50CB5E0C4B8691D2354 /* Pods-FlixApp.debug.xcconfig */ = {isa = PBXFileReference; includeInIndex = 1; lastKnownFileType = text.xcconfig; name = "Pods-FlixApp.debug.xcconfig"; path = "Target Support Files/Pods-FlixApp/Pods-FlixApp.debug.xcconfig"; sourceTree = "<group>"; };
/* End PBXFileReference section */

/* Begin PBXFrameworksBuildPhase section */
		5AA158BE25C75E8F00EAFA7E /* Frameworks */ = {
			isa = PBXFrameworksBuildPhase;
			buildActionMask = 2147483647;
			files = (
				16058D90E9303159972FE9B9 /* Pods_FlixApp.framework in Frameworks */,
			);
			runOnlyForDeploymentPostprocessing = 0;
		};
		5AA158D425C75E9000EAFA7E /* Frameworks */ = {
			isa = PBXFrameworksBuildPhase;
			buildActionMask = 2147483647;
			files = (
				DF4F60064CC3B18EE4883AFD /* Pods_FlixAppTests.framework in Frameworks */,
			);
			runOnlyForDeploymentPostprocessing = 0;
		};
		5AA158DF25C75E9000EAFA7E /* Frameworks */ = {
			isa = PBXFrameworksBuildPhase;
			buildActionMask = 2147483647;
			files = (
				EECAB29FF99C888A3D44ABB5 /* Pods_FlixApp_FlixAppUITests.framework in Frameworks */,
			);
			runOnlyForDeploymentPostprocessing = 0;
		};
/* End PBXFrameworksBuildPhase section */

/* Begin PBXGroup section */
		5AA158B825C75E8E00EAFA7E = {
			isa = PBXGroup;
			children = (
				5AA158C325C75E8F00EAFA7E /* FlixApp */,
				5AA158DA25C75E9000EAFA7E /* FlixAppTests */,
				5AA158E525C75E9000EAFA7E /* FlixAppUITests */,
				5AA158C225C75E8F00EAFA7E /* Products */,
				7A73C54623C523AC7BC80678 /* Pods */,
				6115BDEDA16F76F2DB3DB0AB /* Frameworks */,
			);
			sourceTree = "<group>";
		};
		5AA158C225C75E8F00EAFA7E /* Products */ = {
			isa = PBXGroup;
			children = (
				5AA158C125C75E8F00EAFA7E /* FlixApp.app */,
				5AA158D725C75E9000EAFA7E /* FlixAppTests.xctest */,
				5AA158E225C75E9000EAFA7E /* FlixAppUITests.xctest */,
			);
			name = Products;
			sourceTree = "<group>";
		};
		5AA158C325C75E8F00EAFA7E /* FlixApp */ = {
			isa = PBXGroup;
			children = (
				5AA158C425C75E8F00EAFA7E /* AppDelegate.swift */,
				5AA158C625C75E8F00EAFA7E /* SceneDelegate.swift */,
				5AA158CA25C75E8F00EAFA7E /* Main.storyboard */,
				5AA1590225C79A9800EAFA7E /* MovieCell.swift */,
				5AA158CD25C75E9000EAFA7E /* Assets.xcassets */,
				5AA158CF25C75E9000EAFA7E /* LaunchScreen.storyboard */,
				5AA158D225C75E9000EAFA7E /* Info.plist */,
				5AA158FD25C7878300EAFA7E /* MoviesViewController.swift */,
				5AD04BCD25D0A25C00AD588E /* MovieDetailsViewController.swift */,
				5AA4728B25D0C54200B8DCF6 /* MovieGridViewController.swift */,
				5AA4729025D0CAED00B8DCF6 /* MovieGridCell.swift */,
			);
			path = FlixApp;
			sourceTree = "<group>";
		};
		5AA158DA25C75E9000EAFA7E /* FlixAppTests */ = {
			isa = PBXGroup;
			children = (
				5AA158DB25C75E9000EAFA7E /* FlixAppTests.swift */,
				5AA158DD25C75E9000EAFA7E /* Info.plist */,
			);
			path = FlixAppTests;
			sourceTree = "<group>";
		};
		5AA158E525C75E9000EAFA7E /* FlixAppUITests */ = {
			isa = PBXGroup;
			children = (
				5AA158E625C75E9000EAFA7E /* FlixAppUITests.swift */,
				5AA158E825C75E9000EAFA7E /* Info.plist */,
			);
			path = FlixAppUITests;
			sourceTree = "<group>";
		};
		6115BDEDA16F76F2DB3DB0AB /* Frameworks */ = {
			isa = PBXGroup;
			children = (
				F39A1C81A6D0196595FEE322 /* Pods_FlixApp.framework */,
				735A78DE3F28A3DCE9671EDE /* Pods_FlixApp_FlixAppUITests.framework */,
				1B8AECDCA0A703AD563DD92C /* Pods_FlixAppTests.framework */,
			);
			name = Frameworks;
			sourceTree = "<group>";
		};
		7A73C54623C523AC7BC80678 /* Pods */ = {
			isa = PBXGroup;
			children = (
				FC37B50CB5E0C4B8691D2354 /* Pods-FlixApp.debug.xcconfig */,
				CD42DE1589B4EED2389045F3 /* Pods-FlixApp.release.xcconfig */,
				01C11EE63A4698F8DEE7A168 /* Pods-FlixApp-FlixAppUITests.debug.xcconfig */,
				C405719F740158BD74401CCB /* Pods-FlixApp-FlixAppUITests.release.xcconfig */,
				3B53636C6458AB41CDA0EA1C /* Pods-FlixAppTests.debug.xcconfig */,
				3931FF2746D0BCDEF662D64C /* Pods-FlixAppTests.release.xcconfig */,
			);
			path = Pods;
			sourceTree = "<group>";
		};
/* End PBXGroup section */

/* Begin PBXNativeTarget section */
		5AA158C025C75E8F00EAFA7E /* FlixApp */ = {
			isa = PBXNativeTarget;
			buildConfigurationList = 5AA158EB25C75E9000EAFA7E /* Build configuration list for PBXNativeTarget "FlixApp" */;
			buildPhases = (
				B6E40E5E2373530D7106579E /* [CP] Check Pods Manifest.lock */,
				5AA158BD25C75E8F00EAFA7E /* Sources */,
				5AA158BE25C75E8F00EAFA7E /* Frameworks */,
				5AA158BF25C75E8F00EAFA7E /* Resources */,
				573C6715974708FF58C27F93 /* [CP] Embed Pods Frameworks */,
			);
			buildRules = (
			);
			dependencies = (
			);
			name = FlixApp;
			productName = FlixApp;
			productReference = 5AA158C125C75E8F00EAFA7E /* FlixApp.app */;
			productType = "com.apple.product-type.application";
		};
		5AA158D625C75E9000EAFA7E /* FlixAppTests */ = {
			isa = PBXNativeTarget;
			buildConfigurationList = 5AA158EE25C75E9000EAFA7E /* Build configuration list for PBXNativeTarget "FlixAppTests" */;
			buildPhases = (
				3F4DD457C667836A0E15CE43 /* [CP] Check Pods Manifest.lock */,
				5AA158D325C75E9000EAFA7E /* Sources */,
				5AA158D425C75E9000EAFA7E /* Frameworks */,
				5AA158D525C75E9000EAFA7E /* Resources */,
			);
			buildRules = (
			);
			dependencies = (
				5AA158D925C75E9000EAFA7E /* PBXTargetDependency */,
			);
			name = FlixAppTests;
			productName = FlixAppTests;
			productReference = 5AA158D725C75E9000EAFA7E /* FlixAppTests.xctest */;
			productType = "com.apple.product-type.bundle.unit-test";
		};
		5AA158E125C75E9000EAFA7E /* FlixAppUITests */ = {
			isa = PBXNativeTarget;
			buildConfigurationList = 5AA158F125C75E9000EAFA7E /* Build configuration list for PBXNativeTarget "FlixAppUITests" */;
			buildPhases = (
				964E63F731D8643E1DEC1C4A /* [CP] Check Pods Manifest.lock */,
				5AA158DE25C75E9000EAFA7E /* Sources */,
				5AA158DF25C75E9000EAFA7E /* Frameworks */,
				5AA158E025C75E9000EAFA7E /* Resources */,
				CFA41DCFB31F7F584EDFF4E2 /* [CP] Embed Pods Frameworks */,
			);
			buildRules = (
			);
			dependencies = (
				5AA158E425C75E9000EAFA7E /* PBXTargetDependency */,
			);
			name = FlixAppUITests;
			productName = FlixAppUITests;
			productReference = 5AA158E225C75E9000EAFA7E /* FlixAppUITests.xctest */;
			productType = "com.apple.product-type.bundle.ui-testing";
		};
/* End PBXNativeTarget section */

/* Begin PBXProject section */
		5AA158B925C75E8E00EAFA7E /* Project object */ = {
			isa = PBXProject;
			attributes = {
				LastSwiftUpdateCheck = 1240;
				LastUpgradeCheck = 1240;
				TargetAttributes = {
					5AA158C025C75E8F00EAFA7E = {
						CreatedOnToolsVersion = 12.4;
					};
					5AA158D625C75E9000EAFA7E = {
						CreatedOnToolsVersion = 12.4;
						TestTargetID = 5AA158C025C75E8F00EAFA7E;
					};
					5AA158E125C75E9000EAFA7E = {
						CreatedOnToolsVersion = 12.4;
						TestTargetID = 5AA158C025C75E8F00EAFA7E;
					};
				};
			};
			buildConfigurationList = 5AA158BC25C75E8F00EAFA7E /* Build configuration list for PBXProject "FlixApp" */;
			compatibilityVersion = "Xcode 9.3";
			developmentRegion = en;
			hasScannedForEncodings = 0;
			knownRegions = (
				en,
				Base,
			);
			mainGroup = 5AA158B825C75E8E00EAFA7E;
			productRefGroup = 5AA158C225C75E8F00EAFA7E /* Products */;
			projectDirPath = "";
			projectRoot = "";
			targets = (
				5AA158C025C75E8F00EAFA7E /* FlixApp */,
				5AA158D625C75E9000EAFA7E /* FlixAppTests */,
				5AA158E125C75E9000EAFA7E /* FlixAppUITests */,
			);
		};
/* End PBXProject section */

/* Begin PBXResourcesBuildPhase section */
		5AA158BF25C75E8F00EAFA7E /* Resources */ = {
			isa = PBXResourcesBuildPhase;
			buildActionMask = 2147483647;
			files = (
				5AA158D125C75E9000EAFA7E /* LaunchScreen.storyboard in Resources */,
				5AA158CE25C75E9000EAFA7E /* Assets.xcassets in Resources */,
				5AA158CC25C75E8F00EAFA7E /* Main.storyboard in Resources */,
			);
			runOnlyForDeploymentPostprocessing = 0;
		};
		5AA158D525C75E9000EAFA7E /* Resources */ = {
			isa = PBXResourcesBuildPhase;
			buildActionMask = 2147483647;
			files = (
			);
			runOnlyForDeploymentPostprocessing = 0;
		};
		5AA158E025C75E9000EAFA7E /* Resources */ = {
			isa = PBXResourcesBuildPhase;
			buildActionMask = 2147483647;
			files = (
			);
			runOnlyForDeploymentPostprocessing = 0;
		};
/* End PBXResourcesBuildPhase section */

/* Begin PBXShellScriptBuildPhase section */
		3F4DD457C667836A0E15CE43 /* [CP] Check Pods Manifest.lock */ = {
			isa = PBXShellScriptBuildPhase;
			buildActionMask = 2147483647;
			files = (
			);
			inputFileListPaths = (
			);
			inputPaths = (
				"${PODS_PODFILE_DIR_PATH}/Podfile.lock",
				"${PODS_ROOT}/Manifest.lock",
			);
			name = "[CP] Check Pods Manifest.lock";
			outputFileListPaths = (
			);
			outputPaths = (
				"$(DERIVED_FILE_DIR)/Pods-FlixAppTests-checkManifestLockResult.txt",
			);
			runOnlyForDeploymentPostprocessing = 0;
			shellPath = /bin/sh;
			shellScript = "diff \"${PODS_PODFILE_DIR_PATH}/Podfile.lock\" \"${PODS_ROOT}/Manifest.lock\" > /dev/null\nif [ $? != 0 ] ; then\n    # print error to STDERR\n    echo \"error: The sandbox is not in sync with the Podfile.lock. Run 'pod install' or update your CocoaPods installation.\" >&2\n    exit 1\nfi\n# This output is used by Xcode 'outputs' to avoid re-running this script phase.\necho \"SUCCESS\" > \"${SCRIPT_OUTPUT_FILE_0}\"\n";
			showEnvVarsInLog = 0;
		};
		573C6715974708FF58C27F93 /* [CP] Embed Pods Frameworks */ = {
			isa = PBXShellScriptBuildPhase;
			buildActionMask = 2147483647;
			files = (
			);
			inputFileListPaths = (
				"${PODS_ROOT}/Target Support Files/Pods-FlixApp/Pods-FlixApp-frameworks-${CONFIGURATION}-input-files.xcfilelist",
			);
			name = "[CP] Embed Pods Frameworks";
			outputFileListPaths = (
				"${PODS_ROOT}/Target Support Files/Pods-FlixApp/Pods-FlixApp-frameworks-${CONFIGURATION}-output-files.xcfilelist",
			);
			runOnlyForDeploymentPostprocessing = 0;
			shellPath = /bin/sh;
			shellScript = "\"${PODS_ROOT}/Target Support Files/Pods-FlixApp/Pods-FlixApp-frameworks.sh\"\n";
			showEnvVarsInLog = 0;
		};
		964E63F731D8643E1DEC1C4A /* [CP] Check Pods Manifest.lock */ = {
			isa = PBXShellScriptBuildPhase;
			buildActionMask = 2147483647;
			files = (
			);
			inputFileListPaths = (
			);
			inputPaths = (
				"${PODS_PODFILE_DIR_PATH}/Podfile.lock",
				"${PODS_ROOT}/Manifest.lock",
			);
			name = "[CP] Check Pods Manifest.lock";
			outputFileListPaths = (
			);
			outputPaths = (
				"$(DERIVED_FILE_DIR)/Pods-FlixApp-FlixAppUITests-checkManifestLockResult.txt",
			);
			runOnlyForDeploymentPostprocessing = 0;
			shellPath = /bin/sh;
			shellScript = "diff \"${PODS_PODFILE_DIR_PATH}/Podfile.lock\" \"${PODS_ROOT}/Manifest.lock\" > /dev/null\nif [ $? != 0 ] ; then\n    # print error to STDERR\n    echo \"error: The sandbox is not in sync with the Podfile.lock. Run 'pod install' or update your CocoaPods installation.\" >&2\n    exit 1\nfi\n# This output is used by Xcode 'outputs' to avoid re-running this script phase.\necho \"SUCCESS\" > \"${SCRIPT_OUTPUT_FILE_0}\"\n";
			showEnvVarsInLog = 0;
		};
		B6E40E5E2373530D7106579E /* [CP] Check Pods Manifest.lock */ = {
			isa = PBXShellScriptBuildPhase;
			buildActionMask = 2147483647;
			files = (
			);
			inputFileListPaths = (
			);
			inputPaths = (
				"${PODS_PODFILE_DIR_PATH}/Podfile.lock",
				"${PODS_ROOT}/Manifest.lock",
			);
			name = "[CP] Check Pods Manifest.lock";
			outputFileListPaths = (
			);
			outputPaths = (
				"$(DERIVED_FILE_DIR)/Pods-FlixApp-checkManifestLockResult.txt",
			);
			runOnlyForDeploymentPostprocessing = 0;
			shellPath = /bin/sh;
			shellScript = "diff \"${PODS_PODFILE_DIR_PATH}/Podfile.lock\" \"${PODS_ROOT}/Manifest.lock\" > /dev/null\nif [ $? != 0 ] ; then\n    # print error to STDERR\n    echo \"error: The sandbox is not in sync with the Podfile.lock. Run 'pod install' or update your CocoaPods installation.\" >&2\n    exit 1\nfi\n# This output is used by Xcode 'outputs' to avoid re-running this script phase.\necho \"SUCCESS\" > \"${SCRIPT_OUTPUT_FILE_0}\"\n";
			showEnvVarsInLog = 0;
		};
		CFA41DCFB31F7F584EDFF4E2 /* [CP] Embed Pods Frameworks */ = {
			isa = PBXShellScriptBuildPhase;
			buildActionMask = 2147483647;
			files = (
			);
			inputFileListPaths = (
				"${PODS_ROOT}/Target Support Files/Pods-FlixApp-FlixAppUITests/Pods-FlixApp-FlixAppUITests-frameworks-${CONFIGURATION}-input-files.xcfilelist",
			);
			name = "[CP] Embed Pods Frameworks";
			outputFileListPaths = (
				"${PODS_ROOT}/Target Support Files/Pods-FlixApp-FlixAppUITests/Pods-FlixApp-FlixAppUITests-frameworks-${CONFIGURATION}-output-files.xcfilelist",
			);
			runOnlyForDeploymentPostprocessing = 0;
			shellPath = /bin/sh;
			shellScript = "\"${PODS_ROOT}/Target Support Files/Pods-FlixApp-FlixAppUITests/Pods-FlixApp-FlixAppUITests-frameworks.sh\"\n";
			showEnvVarsInLog = 0;
		};
/* End PBXShellScriptBuildPhase section */

/* Begin PBXSourcesBuildPhase section */
		5AA158BD25C75E8F00EAFA7E /* Sources */ = {
			isa = PBXSourcesBuildPhase;
			buildActionMask = 2147483647;
			files = (
				5AD04BCE25D0A25C00AD588E /* MovieDetailsViewController.swift in Sources */,
				5AA158C525C75E8F00EAFA7E /* AppDelegate.swift in Sources */,
				5AA158C725C75E8F00EAFA7E /* SceneDelegate.swift in Sources */,
				5AA1590325C79A9800EAFA7E /* MovieCell.swift in Sources */,
				5AA158FE25C7878300EAFA7E /* MoviesViewController.swift in Sources */,
				5AA4728C25D0C54200B8DCF6 /* MovieGridViewController.swift in Sources */,
				5AA4729125D0CAED00B8DCF6 /* MovieGridCell.swift in Sources */,
			);
			runOnlyForDeploymentPostprocessing = 0;
		};
		5AA158D325C75E9000EAFA7E /* Sources */ = {
			isa = PBXSourcesBuildPhase;
			buildActionMask = 2147483647;
			files = (
				5AA158DC25C75E9000EAFA7E /* FlixAppTests.swift in Sources */,
			);
			runOnlyForDeploymentPostprocessing = 0;
		};
		5AA158DE25C75E9000EAFA7E /* Sources */ = {
			isa = PBXSourcesBuildPhase;
			buildActionMask = 2147483647;
			files = (
				5AA158E725C75E9000EAFA7E /* FlixAppUITests.swift in Sources */,
			);
			runOnlyForDeploymentPostprocessing = 0;
		};
/* End PBXSourcesBuildPhase section */

/* Begin PBXTargetDependency section */
		5AA158D925C75E9000EAFA7E /* PBXTargetDependency */ = {
			isa = PBXTargetDependency;
			target = 5AA158C025C75E8F00EAFA7E /* FlixApp */;
			targetProxy = 5AA158D825C75E9000EAFA7E /* PBXContainerItemProxy */;
		};
		5AA158E425C75E9000EAFA7E /* PBXTargetDependency */ = {
			isa = PBXTargetDependency;
			target = 5AA158C025C75E8F00EAFA7E /* FlixApp */;
			targetProxy = 5AA158E325C75E9000EAFA7E /* PBXContainerItemProxy */;
		};
/* End PBXTargetDependency section */

/* Begin PBXVariantGroup section */
		5AA158CA25C75E8F00EAFA7E /* Main.storyboard */ = {
			isa = PBXVariantGroup;
			children = (
				5AA158CB25C75E8F00EAFA7E /* Base */,
			);
			name = Main.storyboard;
			sourceTree = "<group>";
		};
		5AA158CF25C75E9000EAFA7E /* LaunchScreen.storyboard */ = {
			isa = PBXVariantGroup;
			children = (
				5AA158D025C75E9000EAFA7E /* Base */,
			);
			name = LaunchScreen.storyboard;
			sourceTree = "<group>";
		};
/* End PBXVariantGroup section */

/* Begin XCBuildConfiguration section */
		5AA158E925C75E9000EAFA7E /* Debug */ = {
			isa = XCBuildConfiguration;
			buildSettings = {
				ALWAYS_SEARCH_USER_PATHS = NO;
				CLANG_ANALYZER_NONNULL = YES;
				CLANG_ANALYZER_NUMBER_OBJECT_CONVERSION = YES_AGGRESSIVE;
				CLANG_CXX_LANGUAGE_STANDARD = "gnu++14";
				CLANG_CXX_LIBRARY = "libc++";
				CLANG_ENABLE_MODULES = YES;
				CLANG_ENABLE_OBJC_ARC = YES;
				CLANG_ENABLE_OBJC_WEAK = YES;
				CLANG_WARN_BLOCK_CAPTURE_AUTORELEASING = YES;
				CLANG_WARN_BOOL_CONVERSION = YES;
				CLANG_WARN_COMMA = YES;
				CLANG_WARN_CONSTANT_CONVERSION = YES;
				CLANG_WARN_DEPRECATED_OBJC_IMPLEMENTATIONS = YES;
				CLANG_WARN_DIRECT_OBJC_ISA_USAGE = YES_ERROR;
				CLANG_WARN_DOCUMENTATION_COMMENTS = YES;
				CLANG_WARN_EMPTY_BODY = YES;
				CLANG_WARN_ENUM_CONVERSION = YES;
				CLANG_WARN_INFINITE_RECURSION = YES;
				CLANG_WARN_INT_CONVERSION = YES;
				CLANG_WARN_NON_LITERAL_NULL_CONVERSION = YES;
				CLANG_WARN_OBJC_IMPLICIT_RETAIN_SELF = YES;
				CLANG_WARN_OBJC_LITERAL_CONVERSION = YES;
				CLANG_WARN_OBJC_ROOT_CLASS = YES_ERROR;
				CLANG_WARN_QUOTED_INCLUDE_IN_FRAMEWORK_HEADER = YES;
				CLANG_WARN_RANGE_LOOP_ANALYSIS = YES;
				CLANG_WARN_STRICT_PROTOTYPES = YES;
				CLANG_WARN_SUSPICIOUS_MOVE = YES;
				CLANG_WARN_UNGUARDED_AVAILABILITY = YES_AGGRESSIVE;
				CLANG_WARN_UNREACHABLE_CODE = YES;
				CLANG_WARN__DUPLICATE_METHOD_MATCH = YES;
				COPY_PHASE_STRIP = NO;
				DEBUG_INFORMATION_FORMAT = dwarf;
				ENABLE_STRICT_OBJC_MSGSEND = YES;
				ENABLE_TESTABILITY = YES;
				GCC_C_LANGUAGE_STANDARD = gnu11;
				GCC_DYNAMIC_NO_PIC = NO;
				GCC_NO_COMMON_BLOCKS = YES;
				GCC_OPTIMIZATION_LEVEL = 0;
				GCC_PREPROCESSOR_DEFINITIONS = (
					"DEBUG=1",
					"$(inherited)",
				);
				GCC_WARN_64_TO_32_BIT_CONVERSION = YES;
				GCC_WARN_ABOUT_RETURN_TYPE = YES_ERROR;
				GCC_WARN_UNDECLARED_SELECTOR = YES;
				GCC_WARN_UNINITIALIZED_AUTOS = YES_AGGRESSIVE;
				GCC_WARN_UNUSED_FUNCTION = YES;
				GCC_WARN_UNUSED_VARIABLE = YES;
				IPHONEOS_DEPLOYMENT_TARGET = 14.4;
				MTL_ENABLE_DEBUG_INFO = INCLUDE_SOURCE;
				MTL_FAST_MATH = YES;
				ONLY_ACTIVE_ARCH = YES;
				SDKROOT = iphoneos;
				SWIFT_ACTIVE_COMPILATION_CONDITIONS = DEBUG;
				SWIFT_OPTIMIZATION_LEVEL = "-Onone";
			};
			name = Debug;
		};
		5AA158EA25C75E9000EAFA7E /* Release */ = {
			isa = XCBuildConfiguration;
			buildSettings = {
				ALWAYS_SEARCH_USER_PATHS = NO;
				CLANG_ANALYZER_NONNULL = YES;
				CLANG_ANALYZER_NUMBER_OBJECT_CONVERSION = YES_AGGRESSIVE;
				CLANG_CXX_LANGUAGE_STANDARD = "gnu++14";
				CLANG_CXX_LIBRARY = "libc++";
				CLANG_ENABLE_MODULES = YES;
				CLANG_ENABLE_OBJC_ARC = YES;
				CLANG_ENABLE_OBJC_WEAK = YES;
				CLANG_WARN_BLOCK_CAPTURE_AUTORELEASING = YES;
				CLANG_WARN_BOOL_CONVERSION = YES;
				CLANG_WARN_COMMA = YES;
				CLANG_WARN_CONSTANT_CONVERSION = YES;
				CLANG_WARN_DEPRECATED_OBJC_IMPLEMENTATIONS = YES;
				CLANG_WARN_DIRECT_OBJC_ISA_USAGE = YES_ERROR;
				CLANG_WARN_DOCUMENTATION_COMMENTS = YES;
				CLANG_WARN_EMPTY_BODY = YES;
				CLANG_WARN_ENUM_CONVERSION = YES;
				CLANG_WARN_INFINITE_RECURSION = YES;
				CLANG_WARN_INT_CONVERSION = YES;
				CLANG_WARN_NON_LITERAL_NULL_CONVERSION = YES;
				CLANG_WARN_OBJC_IMPLICIT_RETAIN_SELF = YES;
				CLANG_WARN_OBJC_LITERAL_CONVERSION = YES;
				CLANG_WARN_OBJC_ROOT_CLASS = YES_ERROR;
				CLANG_WARN_QUOTED_INCLUDE_IN_FRAMEWORK_HEADER = YES;
				CLANG_WARN_RANGE_LOOP_ANALYSIS = YES;
				CLANG_WARN_STRICT_PROTOTYPES = YES;
				CLANG_WARN_SUSPICIOUS_MOVE = YES;
				CLANG_WARN_UNGUARDED_AVAILABILITY = YES_AGGRESSIVE;
				CLANG_WARN_UNREACHABLE_CODE = YES;
				CLANG_WARN__DUPLICATE_METHOD_MATCH = YES;
				COPY_PHASE_STRIP = NO;
				DEBUG_INFORMATION_FORMAT = "dwarf-with-dsym";
				ENABLE_NS_ASSERTIONS = NO;
				ENABLE_STRICT_OBJC_MSGSEND = YES;
				GCC_C_LANGUAGE_STANDARD = gnu11;
				GCC_NO_COMMON_BLOCKS = YES;
				GCC_WARN_64_TO_32_BIT_CONVERSION = YES;
				GCC_WARN_ABOUT_RETURN_TYPE = YES_ERROR;
				GCC_WARN_UNDECLARED_SELECTOR = YES;
				GCC_WARN_UNINITIALIZED_AUTOS = YES_AGGRESSIVE;
				GCC_WARN_UNUSED_FUNCTION = YES;
				GCC_WARN_UNUSED_VARIABLE = YES;
				IPHONEOS_DEPLOYMENT_TARGET = 14.4;
				MTL_ENABLE_DEBUG_INFO = NO;
				MTL_FAST_MATH = YES;
				SDKROOT = iphoneos;
				SWIFT_COMPILATION_MODE = wholemodule;
				SWIFT_OPTIMIZATION_LEVEL = "-O";
				VALIDATE_PRODUCT = YES;
			};
			name = Release;
		};
		5AA158EC25C75E9000EAFA7E /* Debug */ = {
			isa = XCBuildConfiguration;
			baseConfigurationReference = FC37B50CB5E0C4B8691D2354 /* Pods-FlixApp.debug.xcconfig */;
			buildSettings = {
				ASSETCATALOG_COMPILER_APPICON_NAME = AppIcon;
				ASSETCATALOG_COMPILER_GLOBAL_ACCENT_COLOR_NAME = AccentColor;
				CODE_SIGN_STYLE = Automatic;
				INFOPLIST_FILE = FlixApp/Info.plist;
				LD_RUNPATH_SEARCH_PATHS = (
					"$(inherited)",
					"@executable_path/Frameworks",
				);
				PRODUCT_BUNDLE_IDENTIFIER = com.ayushman.FlixApp;
				PRODUCT_NAME = "$(TARGET_NAME)";
				SWIFT_VERSION = 5.0;
				TARGETED_DEVICE_FAMILY = "1,2";
			};
			name = Debug;
		};
		5AA158ED25C75E9000EAFA7E /* Release */ = {
			isa = XCBuildConfiguration;
			baseConfigurationReference = CD42DE1589B4EED2389045F3 /* Pods-FlixApp.release.xcconfig */;
			buildSettings = {
				ASSETCATALOG_COMPILER_APPICON_NAME = AppIcon;
				ASSETCATALOG_COMPILER_GLOBAL_ACCENT_COLOR_NAME = AccentColor;
				CODE_SIGN_STYLE = Automatic;
				INFOPLIST_FILE = FlixApp/Info.plist;
				LD_RUNPATH_SEARCH_PATHS = (
					"$(inherited)",
					"@executable_path/Frameworks",
				);
				PRODUCT_BUNDLE_IDENTIFIER = com.ayushman.FlixApp;
				PRODUCT_NAME = "$(TARGET_NAME)";
				SWIFT_VERSION = 5.0;
				TARGETED_DEVICE_FAMILY = "1,2";
			};
			name = Release;
		};
		5AA158EF25C75E9000EAFA7E /* Debug */ = {
			isa = XCBuildConfiguration;
			baseConfigurationReference = 3B53636C6458AB41CDA0EA1C /* Pods-FlixAppTests.debug.xcconfig */;
			buildSettings = {
				ALWAYS_EMBED_SWIFT_STANDARD_LIBRARIES = YES;
				BUNDLE_LOADER = "$(TEST_HOST)";
				CODE_SIGN_STYLE = Automatic;
				INFOPLIST_FILE = FlixAppTests/Info.plist;
				IPHONEOS_DEPLOYMENT_TARGET = 14.4;
				LD_RUNPATH_SEARCH_PATHS = (
					"$(inherited)",
					"@executable_path/Frameworks",
					"@loader_path/Frameworks",
				);
				PRODUCT_BUNDLE_IDENTIFIER = com.ayushman.FlixAppTests;
				PRODUCT_NAME = "$(TARGET_NAME)";
				SWIFT_VERSION = 5.0;
				TARGETED_DEVICE_FAMILY = "1,2";
				TEST_HOST = "$(BUILT_PRODUCTS_DIR)/FlixApp.app/FlixApp";
			};
			name = Debug;
		};
		5AA158F025C75E9000EAFA7E /* Release */ = {
			isa = XCBuildConfiguration;
			baseConfigurationReference = 3931FF2746D0BCDEF662D64C /* Pods-FlixAppTests.release.xcconfig */;
			buildSettings = {
				ALWAYS_EMBED_SWIFT_STANDARD_LIBRARIES = YES;
				BUNDLE_LOADER = "$(TEST_HOST)";
				CODE_SIGN_STYLE = Automatic;
				INFOPLIST_FILE = FlixAppTests/Info.plist;
				IPHONEOS_DEPLOYMENT_TARGET = 14.4;
				LD_RUNPATH_SEARCH_PATHS = (
					"$(inherited)",
					"@executable_path/Frameworks",
					"@loader_path/Frameworks",
				);
				PRODUCT_BUNDLE_IDENTIFIER = com.ayushman.FlixAppTests;
				PRODUCT_NAME = "$(TARGET_NAME)";
				SWIFT_VERSION = 5.0;
				TARGETED_DEVICE_FAMILY = "1,2";
				TEST_HOST = "$(BUILT_PRODUCTS_DIR)/FlixApp.app/FlixApp";
			};
			name = Release;
		};
		5AA158F225C75E9000EAFA7E /* Debug */ = {
			isa = XCBuildConfiguration;
			baseConfigurationReference = 01C11EE63A4698F8DEE7A168 /* Pods-FlixApp-FlixAppUITests.debug.xcconfig */;
			buildSettings = {
				ALWAYS_EMBED_SWIFT_STANDARD_LIBRARIES = YES;
				CODE_SIGN_STYLE = Automatic;
				INFOPLIST_FILE = FlixAppUITests/Info.plist;
				LD_RUNPATH_SEARCH_PATHS = (
					"$(inherited)",
					"@executable_path/Frameworks",
					"@loader_path/Frameworks",
				);
				PRODUCT_BUNDLE_IDENTIFIER = com.ayushman.FlixAppUITests;
				PRODUCT_NAME = "$(TARGET_NAME)";
				SWIFT_VERSION = 5.0;
				TARGETED_DEVICE_FAMILY = "1,2";
				TEST_TARGET_NAME = FlixApp;
			};
			name = Debug;
		};
		5AA158F325C75E9000EAFA7E /* Release */ = {
			isa = XCBuildConfiguration;
			baseConfigurationReference = C405719F740158BD74401CCB /* Pods-FlixApp-FlixAppUITests.release.xcconfig */;
			buildSettings = {
				ALWAYS_EMBED_SWIFT_STANDARD_LIBRARIES = YES;
				CODE_SIGN_STYLE = Automatic;
				INFOPLIST_FILE = FlixAppUITests/Info.plist;
				LD_RUNPATH_SEARCH_PATHS = (
					"$(inherited)",
					"@executable_path/Frameworks",
					"@loader_path/Frameworks",
				);
				PRODUCT_BUNDLE_IDENTIFIER = com.ayushman.FlixAppUITests;
				PRODUCT_NAME = "$(TARGET_NAME)";
				SWIFT_VERSION = 5.0;
				TARGETED_DEVICE_FAMILY = "1,2";
				TEST_TARGET_NAME = FlixApp;
			};
			name = Release;
		};
/* End XCBuildConfiguration section */

/* Begin XCConfigurationList section */
		5AA158BC25C75E8F00EAFA7E /* Build configuration list for PBXProject "FlixApp" */ = {
			isa = XCConfigurationList;
			buildConfigurations = (
				5AA158E925C75E9000EAFA7E /* Debug */,
				5AA158EA25C75E9000EAFA7E /* Release */,
			);
			defaultConfigurationIsVisible = 0;
			defaultConfigurationName = Release;
		};
		5AA158EB25C75E9000EAFA7E /* Build configuration list for PBXNativeTarget "FlixApp" */ = {
			isa = XCConfigurationList;
			buildConfigurations = (
				5AA158EC25C75E9000EAFA7E /* Debug */,
				5AA158ED25C75E9000EAFA7E /* Release */,
			);
			defaultConfigurationIsVisible = 0;
			defaultConfigurationName = Release;
		};
		5AA158EE25C75E9000EAFA7E /* Build configuration list for PBXNativeTarget "FlixAppTests" */ = {
			isa = XCConfigurationList;
			buildConfigurations = (
				5AA158EF25C75E9000EAFA7E /* Debug */,
				5AA158F025C75E9000EAFA7E /* Release */,
			);
			defaultConfigurationIsVisible = 0;
			defaultConfigurationName = Release;
		};
		5AA158F125C75E9000EAFA7E /* Build configuration list for PBXNativeTarget "FlixAppUITests" */ = {
			isa = XCConfigurationList;
			buildConfigurations = (
				5AA158F225C75E9000EAFA7E /* Debug */,
				5AA158F325C75E9000EAFA7E /* Release */,
			);
			defaultConfigurationIsVisible = 0;
			defaultConfigurationName = Release;
		};
/* End XCConfigurationList section */
	};
	rootObject = 5AA158B925C75E8E00EAFA7E /* Project object */;
}
